
Microsoft Visual Studio Solution File, Format Version 12.00
# Visual Studio Version 16
VisualStudioVersion = 16.0.32901.82
MinimumVisualStudioVersion = 10.0.40219.1
Project("{FAE04EC0-301F-11D3-BF4B-00C04F79EFBC}") = "GetBet", "GetBet\GetBet.csproj", "{21172F0E-CE4A-4611-BFAA-D9CDA0040438}"
EndProject
Global
	GlobalSection(SolutionConfigurationPlatforms) = preSolution
		Debug|Any CPU = Debug|Any CPU
		Release|Any CPU = Release|Any CPU
	EndGlobalSection
	GlobalSection(ProjectConfigurationPlatforms) = postSolution
		{21172F0E-CE4A-4611-BFAA-D9CDA0040438}.Debug|Any CPU.ActiveCfg = Debug|Any CPU
		{21172F0E-CE4A-4611-BFAA-D9CDA0040438}.Debug|Any CPU.Build.0 = Debug|Any CPU
		{21172F0E-CE4A-4611-BFAA-D9CDA0040438}.Release|Any CPU.ActiveCfg = Release|Any CPU
		{21172F0E-CE4A-4611-BFAA-D9CDA0040438}.Release|Any CPU.Build.0 = Release|Any CPU
	EndGlobalSection
	GlobalSection(SolutionProperties) = preSolution
		HideSolutionNode = FALSE
	EndGlobalSection
	GlobalSection(ExtensibilityGlobals) = postSolution
		SolutionGuid = {30B3968A-6026-4040-96E5-35EC4BE199DC}
	EndGlobalSection
EndGlobal
